
Microsoft Visual Studio Solution File, Format Version 12.00
# Visual Studio 2013
VisualStudioVersion = 12.0.31101.0
MinimumVisualStudioVersion = 10.0.40219.1
Project("{FAE04EC0-301F-11D3-BF4B-00C04F79EFBC}") = "Weather.Domain", "Weather.Domain\Weather.Domain.csproj", "{AD755F77-5A33-4BB5-9A7A-6EE6A96ABCEB}"
EndProject
Project("{FAE04EC0-301F-11D3-BF4B-00C04F79EFBC}") = "Weather.MVC", "Weather.MVC\Weather.MVC.csproj", "{FF4BE4CA-BA24-4DD4-8B49-7E0F8F7BA670}"
	ProjectSection(ProjectDependencies) = postProject
		{AD755F77-5A33-4BB5-9A7A-6EE6A96ABCEB} = {AD755F77-5A33-4BB5-9A7A-6EE6A96ABCEB}
	EndProjectSection
EndProject
Global
	GlobalSection(SolutionConfigurationPlatforms) = preSolution
		Debug|Any CPU = Debug|Any CPU
		Release|Any CPU = Release|Any CPU
	EndGlobalSection
	GlobalSection(ProjectConfigurationPlatforms) = postSolution
		{AD755F77-5A33-4BB5-9A7A-6EE6A96ABCEB}.Debug|Any CPU.ActiveCfg = Debug|Any CPU
		{AD755F77-5A33-4BB5-9A7A-6EE6A96ABCEB}.Debug|Any CPU.Build.0 = Debug|Any CPU
		{AD755F77-5A33-4BB5-9A7A-6EE6A96ABCEB}.Release|Any CPU.ActiveCfg = Release|Any CPU
		{AD755F77-5A33-4BB5-9A7A-6EE6A96ABCEB}.Release|Any CPU.Build.0 = Release|Any CPU
		{FF4BE4CA-BA24-4DD4-8B49-7E0F8F7BA670}.Debug|Any CPU.ActiveCfg = Debug|Any CPU
		{FF4BE4CA-BA24-4DD4-8B49-7E0F8F7BA670}.Debug|Any CPU.Build.0 = Debug|Any CPU
		{FF4BE4CA-BA24-4DD4-8B49-7E0F8F7BA670}.Release|Any CPU.ActiveCfg = Release|Any CPU
		{FF4BE4CA-BA24-4DD4-8B49-7E0F8F7BA670}.Release|Any CPU.Build.0 = Release|Any CPU
	EndGlobalSection
	GlobalSection(SolutionProperties) = preSolution
		HideSolutionNode = FALSE
	EndGlobalSection
EndGlobal
